<Solution>
  <Folder Name="/Domain/">
    <Project Path="Domain/ApartmentsRentService.Domain.Repositories.Abstractions/ApartmentsRentService.Domain.Repositories.Abstractions.csproj" />
    <Project Path="Domain/ApartmentsRentService.Domain/ApartmentsRentService.Domain.csproj" />
    <Project Path="Domain/ApartmentsRentService.DomainApp/ApartmentsRentService.DomainApp.csproj" />
    <Project Path="Domain/ApartmentsRentService.ValueObjects/ApartmentsRentService.ValueObjects.csproj" />
  </Folder>
  <Folder Name="/Infrastructure/">
    <Project Path="Infrastructure/ApartmentRentService.Infrastructure.EntityFramework/ApartmentsRentService.Infrastructure.EntityFramework.csproj" Id="25244093-4ba8-4a51-bf78-923f121af4e7" />
  </Folder>
  <Folder Name="/Presentation/">
    <Project Path="Presentation/ApartmentsRentService.WebHost/ApartmentsRentService.WebHost.csproj" Id="7f2996b1-df9a-4773-8fdd-44d59e747730" />
  </Folder>
</Solution>
